
Microsoft Visual Studio Solution File, Format Version 12.00
# Visual Studio Version 17
VisualStudioVersion = 17.6.33723.286
MinimumVisualStudioVersion = 10.0.40219.1
Project("{FAE04EC0-301F-11D3-BF4B-00C04F79EFBC}") = "PromedioNotas", "PromedioNotas\PromedioNotas.csproj", "{6098ED9F-C2DB-44BE-8F0A-9150508DE40F}"
EndProject
Global
	GlobalSection(SolutionConfigurationPlatforms) = preSolution
		Debug|Any CPU = Debug|Any CPU
		Release|Any CPU = Release|Any CPU
	EndGlobalSection
	GlobalSection(ProjectConfigurationPlatforms) = postSolution
		{6098ED9F-C2DB-44BE-8F0A-9150508DE40F}.Debug|Any CPU.ActiveCfg = Debug|Any CPU
		{6098ED9F-C2DB-44BE-8F0A-9150508DE40F}.Debug|Any CPU.Build.0 = Debug|Any CPU
		{6098ED9F-C2DB-44BE-8F0A-9150508DE40F}.Release|Any CPU.ActiveCfg = Release|Any CPU
		{6098ED9F-C2DB-44BE-8F0A-9150508DE40F}.Release|Any CPU.Build.0 = Release|Any CPU
	EndGlobalSection
	GlobalSection(SolutionProperties) = preSolution
		HideSolutionNode = FALSE
	EndGlobalSection
	GlobalSection(ExtensibilityGlobals) = postSolution
		SolutionGuid = {72E49ADC-A66D-4D28-A385-64FECC597D68}
	EndGlobalSection
EndGlobal
